
Microsoft Visual Studio Solution File, Format Version 12.00
# Visual Studio 15
VisualStudioVersion = 15.0.28010.2046
MinimumVisualStudioVersion = 10.0.40219.1
Project("{FAE04EC0-301F-11D3-BF4B-00C04F79EFBC}") = "qus3", "qus3\qus3.csproj", "{F84C060B-C35B-46E2-A9BE-57B6BA7BFA50}"
EndProject
Global
	GlobalSection(SolutionConfigurationPlatforms) = preSolution
		Debug|Any CPU = Debug|Any CPU
		Release|Any CPU = Release|Any CPU
	EndGlobalSection
	GlobalSection(ProjectConfigurationPlatforms) = postSolution
		{F84C060B-C35B-46E2-A9BE-57B6BA7BFA50}.Debug|Any CPU.ActiveCfg = Debug|Any CPU
		{F84C060B-C35B-46E2-A9BE-57B6BA7BFA50}.Debug|Any CPU.Build.0 = Debug|Any CPU
		{F84C060B-C35B-46E2-A9BE-57B6BA7BFA50}.Release|Any CPU.ActiveCfg = Release|Any CPU
		{F84C060B-C35B-46E2-A9BE-57B6BA7BFA50}.Release|Any CPU.Build.0 = Release|Any CPU
	EndGlobalSection
	GlobalSection(SolutionProperties) = preSolution
		HideSolutionNode = FALSE
	EndGlobalSection
	GlobalSection(ExtensibilityGlobals) = postSolution
		SolutionGuid = {88A89C08-0AE2-4D89-AE19-9A08D9411BED}
	EndGlobalSection
EndGlobal
